
Microsoft Visual Studio Solution File, Format Version 12.00
# Visual Studio Version 17
VisualStudioVersion = 17.0.31903.59
MinimumVisualStudioVersion = 10.0.40219.1
Project("{9A19103F-16F7-4668-BE54-9A1E7A4F7556}") = "UI", "UI\UI.csproj", "{FAA35E59-F2A4-4800-B7AF-90AE454E5287}"
EndProject
Project("{9A19103F-16F7-4668-BE54-9A1E7A4F7556}") = "Server", "Server\Server.csproj", "{7594FEE7-211D-4B32-818B-A5C1B9C1F078}"
EndProject
Global
	GlobalSection(SolutionConfigurationPlatforms) = preSolution
		Debug|Any CPU = Debug|Any CPU
		Release|Any CPU = Release|Any CPU
	EndGlobalSection
	GlobalSection(ProjectConfigurationPlatforms) = postSolution
		{FAA35E59-F2A4-4800-B7AF-90AE454E5287}.Debug|Any CPU.ActiveCfg = Debug|Any CPU
		{FAA35E59-F2A4-4800-B7AF-90AE454E5287}.Debug|Any CPU.Build.0 = Debug|Any CPU
		{FAA35E59-F2A4-4800-B7AF-90AE454E5287}.Release|Any CPU.ActiveCfg = Release|Any CPU
		{FAA35E59-F2A4-4800-B7AF-90AE454E5287}.Release|Any CPU.Build.0 = Release|Any CPU
		{7594FEE7-211D-4B32-818B-A5C1B9C1F078}.Debug|Any CPU.ActiveCfg = Debug|Any CPU
		{7594FEE7-211D-4B32-818B-A5C1B9C1F078}.Debug|Any CPU.Build.0 = Debug|Any CPU
		{7594FEE7-211D-4B32-818B-A5C1B9C1F078}.Release|Any CPU.ActiveCfg = Release|Any CPU
		{7594FEE7-211D-4B32-818B-A5C1B9C1F078}.Release|Any CPU.Build.0 = Release|Any CPU
	EndGlobalSection
	GlobalSection(SolutionProperties) = preSolution
		HideSolutionNode = FALSE
	EndGlobalSection
	GlobalSection(ExtensibilityGlobals) = postSolution
		SolutionGuid = {C965B6F1-E661-4299-94C2-1F2E9E9DE86D}
	EndGlobalSection
EndGlobal
